// !$*UTF8*$!
{
	archiveVersion = 1;
	classes = {
	};
	objectVersion = 48;
	objects = {

/* Begin PBXBuildFile section */
		A9BA4A1E1FC31698005F4621 /* AppDelegate.swift in Sources */ = {isa = PBXBuildFile; fileRef = A9BA4A1D1FC31698005F4621 /* AppDelegate.swift */; };
		A9BA4A201FC31698005F4621 /* ViewController.swift in Sources */ = {isa = PBXBuildFile; fileRef = A9BA4A1F1FC31698005F4621 /* ViewController.swift */; };
		A9BA4A231FC31698005F4621 /* Main.storyboard in Resources */ = {isa = PBXBuildFile; fileRef = A9BA4A211FC31698005F4621 /* Main.storyboard */; };
		A9BA4A251FC31698005F4621 /* Assets.xcassets in Resources */ = {isa = PBXBuildFile; fileRef = A9BA4A241FC31698005F4621 /* Assets.xcassets */; };
		A9BA4A281FC31698005F4621 /* LaunchScreen.storyboard in Resources */ = {isa = PBXBuildFile; fileRef = A9BA4A261FC31698005F4621 /* LaunchScreen.storyboard */; };
		A9BA4A331FC31698005F4621 /* piCheckerTests.swift in Sources */ = {isa = PBXBuildFile; fileRef = A9BA4A321FC31698005F4621 /* piCheckerTests.swift */; };
		A9BA4A3E1FC31699005F4621 /* piCheckerUITests.swift in Sources */ = {isa = PBXBuildFile; fileRef = A9BA4A3D1FC31699005F4621 /* piCheckerUITests.swift */; };
/* End PBXBuildFile section */

/* Begin PBXContainerItemProxy section */
		A9BA4A2F1FC31698005F4621 /* PBXContainerItemProxy */ = {
			isa = PBXContainerItemProxy;
			containerPortal = A9BA4A121FC31698005F4621 /* Project object */;
			proxyType = 1;
			remoteGlobalIDString = A9BA4A191FC31698005F4621;
			remoteInfo = piChecker;
		};
		A9BA4A3A1FC31699005F4621 /* PBXContainerItemProxy */ = {
			isa = PBXContainerItemProxy;
			containerPortal = A9BA4A121FC31698005F4621 /* Project object */;
			proxyType = 1;
			remoteGlobalIDString = A9BA4A191FC31698005F4621;
			remoteInfo = piChecker;
		};
/* End PBXContainerItemProxy section */

/* Begin PBXFileReference section */
		A9BA4A1A1FC31698005F4621 /* piChecker.app */ = {isa = PBXFileReference; explicitFileType = wrapper.application; includeInIndex = 0; path = piChecker.app; sourceTree = BUILT_PRODUCTS_DIR; };
		A9BA4A1D1FC31698005F4621 /* AppDelegate.swift */ = {isa = PBXFileReference; lastKnownFileType = sourcecode.swift; path = AppDelegate.swift; sourceTree = "<group>"; };
		A9BA4A1F1FC31698005F4621 /* ViewController.swift */ = {isa = PBXFileReference; lastKnownFileType = sourcecode.swift; path = ViewController.swift; sourceTree = "<group>"; };
		A9BA4A221FC31698005F4621 /* Base */ = {isa = PBXFileReference; lastKnownFileType = file.storyboard; name = Base; path = Base.lproj/Main.storyboard; sourceTree = "<group>"; };
		A9BA4A241FC31698005F4621 /* Assets.xcassets */ = {isa = PBXFileReference; lastKnownFileType = folder.assetcatalog; path = Assets.xcassets; sourceTree = "<group>"; };
		A9BA4A271FC31698005F4621 /* Base */ = {isa = PBXFileReference; lastKnownFileType = file.storyboard; name = Base; path = Base.lproj/LaunchScreen.storyboard; sourceTree = "<group>"; };
		A9BA4A291FC31698005F4621 /* Info.plist */ = {isa = PBXFileReference; lastKnownFileType = text.plist.xml; path = Info.plist; sourceTree = "<group>"; };
		A9BA4A2E1FC31698005F4621 /* piCheckerTests.xctest */ = {isa = PBXFileReference; explicitFileType = wrapper.cfbundle; includeInIndex = 0; path = piCheckerTests.xctest; sourceTree = BUILT_PRODUCTS_DIR; };
		A9BA4A321FC31698005F4621 /* piCheckerTests.swift */ = {isa = PBXFileReference; lastKnownFileType = sourcecode.swift; path = piCheckerTests.swift; sourceTree = "<group>"; };
		A9BA4A341FC31698005F4621 /* Info.plist */ = {isa = PBXFileReference; lastKnownFileType = text.plist.xml; path = Info.plist; sourceTree = "<group>"; };
		A9BA4A391FC31699005F4621 /* piCheckerUITests.xctest */ = {isa = PBXFileReference; explicitFileType = wrapper.cfbundle; includeInIndex = 0; path = piCheckerUITests.xctest; sourceTree = BUILT_PRODUCTS_DIR; };
		A9BA4A3D1FC31699005F4621 /* piCheckerUITests.swift */ = {isa = PBXFileReference; lastKnownFileType = sourcecode.swift; path = piCheckerUITests.swift; sourceTree = "<group>"; };
		A9BA4A3F1FC31699005F4621 /* Info.plist */ = {isa = PBXFileReference; lastKnownFileType = text.plist.xml; path = Info.plist; sourceTree = "<group>"; };
/* End PBXFileReference section */

/* Begin PBXFrameworksBuildPhase section */
		A9BA4A171FC31698005F4621 /* Frameworks */ = {
			isa = PBXFrameworksBuildPhase;
			buildActionMask = 2147483647;
			files = (
			);
			runOnlyForDeploymentPostprocessing = 0;
		};
		A9BA4A2B1FC31698005F4621 /* Frameworks */ = {
			isa = PBXFrameworksBuildPhase;
			buildActionMask = 2147483647;
			files = (
			);
			runOnlyForDeploymentPostprocessing = 0;
		};
		A9BA4A361FC31699005F4621 /* Frameworks */ = {
			isa = PBXFrameworksBuildPhase;
			buildActionMask = 2147483647;
			files = (
			);
			runOnlyForDeploymentPostprocessing = 0;
		};
/* End PBXFrameworksBuildPhase section */

/* Begin PBXGroup section */
		A9BA4A111FC31698005F4621 = {
			isa = PBXGroup;
			children = (
				A9BA4A1C1FC31698005F4621 /* piChecker */,
				A9BA4A311FC31698005F4621 /* piCheckerTests */,
				A9BA4A3C1FC31699005F4621 /* piCheckerUITests */,
				A9BA4A1B1FC31698005F4621 /* Products */,
			);
			sourceTree = "<group>";
		};
		A9BA4A1B1FC31698005F4621 /* Products */ = {
			isa = PBXGroup;
			children = (
				A9BA4A1A1FC31698005F4621 /* piChecker.app */,
				A9BA4A2E1FC31698005F4621 /* piCheckerTests.xctest */,
				A9BA4A391FC31699005F4621 /* piCheckerUITests.xctest */,
			);
			name = Products;
			sourceTree = "<group>";
		};
		A9BA4A1C1FC31698005F4621 /* piChecker */ = {
			isa = PBXGroup;
			children = (
				A9BA4A1D1FC31698005F4621 /* AppDelegate.swift */,
				A9BA4A1F1FC31698005F4621 /* ViewController.swift */,
				A9BA4A211FC31698005F4621 /* Main.storyboard */,
				A9BA4A241FC31698005F4621 /* Assets.xcassets */,
				A9BA4A261FC31698005F4621 /* LaunchScreen.storyboard */,
				A9BA4A291FC31698005F4621 /* Info.plist */,
			);
			path = piChecker;
			sourceTree = "<group>";
		};
		A9BA4A311FC31698005F4621 /* piCheckerTests */ = {
			isa = PBXGroup;
			children = (
				A9BA4A321FC31698005F4621 /* piCheckerTests.swift */,
				A9BA4A341FC31698005F4621 /* Info.plist */,
			);
			path = piCheckerTests;
			sourceTree = "<group>";
		};
		A9BA4A3C1FC31699005F4621 /* piCheckerUITests */ = {
			isa = PBXGroup;
			children = (
				A9BA4A3D1FC31699005F4621 /* piCheckerUITests.swift */,
				A9BA4A3F1FC31699005F4621 /* Info.plist */,
			);
			path = piCheckerUITests;
			sourceTree = "<group>";
		};
/* End PBXGroup section */

/* Begin PBXNativeTarget section */
		A9BA4A191FC31698005F4621 /* piChecker */ = {
			isa = PBXNativeTarget;
			buildConfigurationList = A9BA4A421FC31699005F4621 /* Build configuration list for PBXNativeTarget "piChecker" */;
			buildPhases = (
				A9BA4A161FC31698005F4621 /* Sources */,
				A9BA4A171FC31698005F4621 /* Frameworks */,
				A9BA4A181FC31698005F4621 /* Resources */,
			);
			buildRules = (
			);
			dependencies = (
			);
			name = piChecker;
			productName = piChecker;
			productReference = A9BA4A1A1FC31698005F4621 /* piChecker.app */;
			productType = "com.apple.product-type.application";
		};
		A9BA4A2D1FC31698005F4621 /* piCheckerTests */ = {
			isa = PBXNativeTarget;
			buildConfigurationList = A9BA4A451FC31699005F4621 /* Build configuration list for PBXNativeTarget "piCheckerTests" */;
			buildPhases = (
				A9BA4A2A1FC31698005F4621 /* Sources */,
				A9BA4A2B1FC31698005F4621 /* Frameworks */,
				A9BA4A2C1FC31698005F4621 /* Resources */,
			);
			buildRules = (
			);
			dependencies = (
				A9BA4A301FC31698005F4621 /* PBXTargetDependency */,
			);
			name = piCheckerTests;
			productName = piCheckerTests;
			productReference = A9BA4A2E1FC31698005F4621 /* piCheckerTests.xctest */;
			productType = "com.apple.product-type.bundle.unit-test";
		};
		A9BA4A381FC31699005F4621 /* piCheckerUITests */ = {
			isa = PBXNativeTarget;
			buildConfigurationList = A9BA4A481FC31699005F4621 /* Build configuration list for PBXNativeTarget "piCheckerUITests" */;
			buildPhases = (
				A9BA4A351FC31699005F4621 /* Sources */,
				A9BA4A361FC31699005F4621 /* Frameworks */,
				A9BA4A371FC31699005F4621 /* Resources */,
			);
			buildRules = (
			);
			dependencies = (
				A9BA4A3B1FC31699005F4621 /* PBXTargetDependency */,
			);
			name = piCheckerUITests;
			productName = piCheckerUITests;
			productReference = A9BA4A391FC31699005F4621 /* piCheckerUITests.xctest */;
			productType = "com.apple.product-type.bundle.ui-testing";
		};
/* End PBXNativeTarget section */

/* Begin PBXProject section */
		A9BA4A121FC31698005F4621 /* Project object */ = {
			isa = PBXProject;
			attributes = {
				LastSwiftUpdateCheck = 0910;
				LastUpgradeCheck = 0910;
				ORGANIZATIONNAME = "Katherine McFerrin";
				TargetAttributes = {
					A9BA4A191FC31698005F4621 = {
						CreatedOnToolsVersion = 9.1;
						ProvisioningStyle = Automatic;
					};
					A9BA4A2D1FC31698005F4621 = {
						CreatedOnToolsVersion = 9.1;
						ProvisioningStyle = Automatic;
						TestTargetID = A9BA4A191FC31698005F4621;
					};
					A9BA4A381FC31699005F4621 = {
						CreatedOnToolsVersion = 9.1;
						ProvisioningStyle = Automatic;
						TestTargetID = A9BA4A191FC31698005F4621;
					};
				};
			};
			buildConfigurationList = A9BA4A151FC31698005F4621 /* Build configuration list for PBXProject "piChecker" */;
			compatibilityVersion = "Xcode 8.0";
			developmentRegion = en;
			hasScannedForEncodings = 0;
			knownRegions = (
				en,
				Base,
			);
			mainGroup = A9BA4A111FC31698005F4621;
			productRefGroup = A9BA4A1B1FC31698005F4621 /* Products */;
			projectDirPath = "";
			projectRoot = "";
			targets = (
				A9BA4A191FC31698005F4621 /* piChecker */,
				A9BA4A2D1FC31698005F4621 /* piCheckerTests */,
				A9BA4A381FC31699005F4621 /* piCheckerUITests */,
			);
		};
/* End PBXProject section */

/* Begin PBXResourcesBuildPhase section */
		A9BA4A181FC31698005F4621 /* Resources */ = {
			isa = PBXResourcesBuildPhase;
			buildActionMask = 2147483647;
			files = (
				A9BA4A281FC31698005F4621 /* LaunchScreen.storyboard in Resources */,
				A9BA4A251FC31698005F4621 /* Assets.xcassets in Resources */,
				A9BA4A231FC31698005F4621 /* Main.storyboard in Resources */,
			);
			runOnlyForDeploymentPostprocessing = 0;
		};
		A9BA4A2C1FC31698005F4621 /* Resources */ = {
			isa = PBXResourcesBuildPhase;
			buildActionMask = 2147483647;
			files = (
			);
			runOnlyForDeploymentPostprocessing = 0;
		};
		A9BA4A371FC31699005F4621 /* Resources */ = {
			isa = PBXResourcesBuildPhase;
			buildActionMask = 2147483647;
			files = (
			);
			runOnlyForDeploymentPostprocessing = 0;
		};
/* End PBXResourcesBuildPhase section */

/* Begin PBXSourcesBuildPhase section */
		A9BA4A161FC31698005F4621 /* Sources */ = {
			isa = PBXSourcesBuildPhase;
			buildActionMask = 2147483647;
			files = (
				A9BA4A201FC31698005F4621 /* ViewController.swift in Sources */,
				A9BA4A1E1FC31698005F4621 /* AppDelegate.swift in Sources */,
			);
			runOnlyForDeploymentPostprocessing = 0;
		};
		A9BA4A2A1FC31698005F4621 /* Sources */ = {
			isa = PBXSourcesBuildPhase;
			buildActionMask = 2147483647;
			files = (
				A9BA4A331FC31698005F4621 /* piCheckerTests.swift in Sources */,
			);
			runOnlyForDeploymentPostprocessing = 0;
		};
		A9BA4A351FC31699005F4621 /* Sources */ = {
			isa = PBXSourcesBuildPhase;
			buildActionMask = 2147483647;
			files = (
				A9BA4A3E1FC31699005F4621 /* piCheckerUITests.swift in Sources */,
			);
			runOnlyForDeploymentPostprocessing = 0;
		};
/* End PBXSourcesBuildPhase section */

/* Begin PBXTargetDependency section */
		A9BA4A301FC31698005F4621 /* PBXTargetDependency */ = {
			isa = PBXTargetDependency;
			target = A9BA4A191FC31698005F4621 /* piChecker */;
			targetProxy = A9BA4A2F1FC31698005F4621 /* PBXContainerItemProxy */;
		};
		A9BA4A3B1FC31699005F4621 /* PBXTargetDependency */ = {
			isa = PBXTargetDependency;
			target = A9BA4A191FC31698005F4621 /* piChecker */;
			targetProxy = A9BA4A3A1FC31699005F4621 /* PBXContainerItemProxy */;
		};
/* End PBXTargetDependency section */

/* Begin PBXVariantGroup section */
		A9BA4A211FC31698005F4621 /* Main.storyboard */ = {
			isa = PBXVariantGroup;
			children = (
				A9BA4A221FC31698005F4621 /* Base */,
			);
			name = Main.storyboard;
			sourceTree = "<group>";
		};
		A9BA4A261FC31698005F4621 /* LaunchScreen.storyboard */ = {
			isa = PBXVariantGroup;
			children = (
				A9BA4A271FC31698005F4621 /* Base */,
			);
			name = LaunchScreen.storyboard;
			sourceTree = "<group>";
		};
/* End PBXVariantGroup section */

/* Begin XCBuildConfiguration section */
		A9BA4A401FC31699005F4621 /* Debug */ = {
			isa = XCBuildConfiguration;
			buildSettings = {
				ALWAYS_SEARCH_USER_PATHS = NO;
				CLANG_ANALYZER_NONNULL = YES;
				CLANG_ANALYZER_NUMBER_OBJECT_CONVERSION = YES_AGGRESSIVE;
				CLANG_CXX_LANGUAGE_STANDARD = "gnu++14";
				CLANG_CXX_LIBRARY = "libc++";
				CLANG_ENABLE_MODULES = YES;
				CLANG_ENABLE_OBJC_ARC = YES;
				CLANG_WARN_BLOCK_CAPTURE_AUTORELEASING = YES;
				CLANG_WARN_BOOL_CONVERSION = YES;
				CLANG_WARN_COMMA = YES;
				CLANG_WARN_CONSTANT_CONVERSION = YES;
				CLANG_WARN_DIRECT_OBJC_ISA_USAGE = YES_ERROR;
				CLANG_WARN_DOCUMENTATION_COMMENTS = YES;
				CLANG_WARN_EMPTY_BODY = YES;
				CLANG_WARN_ENUM_CONVERSION = YES;
				CLANG_WARN_INFINITE_RECURSION = YES;
				CLANG_WARN_INT_CONVERSION = YES;
				CLANG_WARN_NON_LITERAL_NULL_CONVERSION = YES;
				CLANG_WARN_OBJC_LITERAL_CONVERSION = YES;
				CLANG_WARN_OBJC_ROOT_CLASS = YES_ERROR;
				CLANG_WARN_RANGE_LOOP_ANALYSIS = YES;
				CLANG_WARN_STRICT_PROTOTYPES = YES;
				CLANG_WARN_SUSPICIOUS_MOVE = YES;
				CLANG_WARN_UNGUARDED_AVAILABILITY = YES_AGGRESSIVE;
				CLANG_WARN_UNREACHABLE_CODE = YES;
				CLANG_WARN__DUPLICATE_METHOD_MATCH = YES;
				CODE_SIGN_IDENTITY = "iPhone Developer";
				COPY_PHASE_STRIP = NO;
				DEBUG_INFORMATION_FORMAT = dwarf;
				ENABLE_STRICT_OBJC_MSGSEND = YES;
				ENABLE_TESTABILITY = YES;
				GCC_C_LANGUAGE_STANDARD = gnu11;
				GCC_DYNAMIC_NO_PIC = NO;
				GCC_NO_COMMON_BLOCKS = YES;
				GCC_OPTIMIZATION_LEVEL = 0;
				GCC_PREPROCESSOR_DEFINITIONS = (
					"DEBUG=1",
					"$(inherited)",
				);
				GCC_WARN_64_TO_32_BIT_CONVERSION = YES;
				GCC_WARN_ABOUT_RETURN_TYPE = YES_ERROR;
				GCC_WARN_UNDECLARED_SELECTOR = YES;
				GCC_WARN_UNINITIALIZED_AUTOS = YES_AGGRESSIVE;
				GCC_WARN_UNUSED_FUNCTION = YES;
				GCC_WARN_UNUSED_VARIABLE = YES;
				IPHONEOS_DEPLOYMENT_TARGET = 11.1;
				MTL_ENABLE_DEBUG_INFO = YES;
				ONLY_ACTIVE_ARCH = YES;
				SDKROOT = iphoneos;
				SWIFT_ACTIVE_COMPILATION_CONDITIONS = DEBUG;
				SWIFT_OPTIMIZATION_LEVEL = "-Onone";
			};
			name = Debug;
		};
		A9BA4A411FC31699005F4621 /* Release */ = {
			isa = XCBuildConfiguration;
			buildSettings = {
				ALWAYS_SEARCH_USER_PATHS = NO;
				CLANG_ANALYZER_NONNULL = YES;
				CLANG_ANALYZER_NUMBER_OBJECT_CONVERSION = YES_AGGRESSIVE;
				CLANG_CXX_LANGUAGE_STANDARD = "gnu++14";
				CLANG_CXX_LIBRARY = "libc++";
				CLANG_ENABLE_MODULES = YES;
				CLANG_ENABLE_OBJC_ARC = YES;
				CLANG_WARN_BLOCK_CAPTURE_AUTORELEASING = YES;
				CLANG_WARN_BOOL_CONVERSION = YES;
				CLANG_WARN_COMMA = YES;
				CLANG_WARN_CONSTANT_CONVERSION = YES;
				CLANG_WARN_DIRECT_OBJC_ISA_USAGE = YES_ERROR;
				CLANG_WARN_DOCUMENTATION_COMMENTS = YES;
				CLANG_WARN_EMPTY_BODY = YES;
				CLANG_WARN_ENUM_CONVERSION = YES;
				CLANG_WARN_INFINITE_RECURSION = YES;
				CLANG_WARN_INT_CONVERSION = YES;
				CLANG_WARN_NON_LITERAL_NULL_CONVERSION = YES;
				CLANG_WARN_OBJC_LITERAL_CONVERSION = YES;
				CLANG_WARN_OBJC_ROOT_CLASS = YES_ERROR;
				CLANG_WARN_RANGE_LOOP_ANALYSIS = YES;
				CLANG_WARN_STRICT_PROTOTYPES = YES;
				CLANG_WARN_SUSPICIOUS_MOVE = YES;
				CLANG_WARN_UNGUARDED_AVAILABILITY = YES_AGGRESSIVE;
				CLANG_WARN_UNREACHABLE_CODE = YES;
				CLANG_WARN__DUPLICATE_METHOD_MATCH = YES;
				CODE_SIGN_IDENTITY = "iPhone Developer";
				COPY_PHASE_STRIP = NO;
				DEBUG_INFORMATION_FORMAT = "dwarf-with-dsym";
				ENABLE_NS_ASSERTIONS = NO;
				ENABLE_STRICT_OBJC_MSGSEND = YES;
				GCC_C_LANGUAGE_STANDARD = gnu11;
				GCC_NO_COMMON_BLOCKS = YES;
				GCC_WARN_64_TO_32_BIT_CONVERSION = YES;
				GCC_WARN_ABOUT_RETURN_TYPE = YES_ERROR;
				GCC_WARN_UNDECLARED_SELECTOR = YES;
				GCC_WARN_UNINITIALIZED_AUTOS = YES_AGGRESSIVE;
				GCC_WARN_UNUSED_FUNCTION = YES;
				GCC_WARN_UNUSED_VARIABLE = YES;
				IPHONEOS_DEPLOYMENT_TARGET = 11.1;
				MTL_ENABLE_DEBUG_INFO = NO;
				SDKROOT = iphoneos;
				SWIFT_OPTIMIZATION_LEVEL = "-Owholemodule";
				VALIDATE_PRODUCT = YES;
			};
			name = Release;
		};
		A9BA4A431FC31699005F4621 /* Debug */ = {
			isa = XCBuildConfiguration;
			buildSettings = {
				ASSETCATALOG_COMPILER_APPICON_NAME = AppIcon;
				CODE_SIGN_STYLE = Automatic;
				INFOPLIST_FILE = piChecker/Info.plist;
				LD_RUNPATH_SEARCH_PATHS = "$(inherited) @executable_path/Frameworks";
				PRODUCT_BUNDLE_IDENTIFIER = c4c.piChecker;
				PRODUCT_NAME = "$(TARGET_NAME)";
				SWIFT_VERSION = 4.0;
				TARGETED_DEVICE_FAMILY = "1,2";
			};
			name = Debug;
		};
		A9BA4A441FC31699005F4621 /* Release */ = {
			isa = XCBuildConfiguration;
			buildSettings = {
				ASSETCATALOG_COMPILER_APPICON_NAME = AppIcon;
				CODE_SIGN_STYLE = Automatic;
				INFOPLIST_FILE = piChecker/Info.plist;
				LD_RUNPATH_SEARCH_PATHS = "$(inherited) @executable_path/Frameworks";
				PRODUCT_BUNDLE_IDENTIFIER = c4c.piChecker;
				PRODUCT_NAME = "$(TARGET_NAME)";
				SWIFT_VERSION = 4.0;
				TARGETED_DEVICE_FAMILY = "1,2";
			};
			name = Release;
		};
		A9BA4A461FC31699005F4621 /* Debug */ = {
			isa = XCBuildConfiguration;
			buildSettings = {
				ALWAYS_EMBED_SWIFT_STANDARD_LIBRARIES = YES;
				BUNDLE_LOADER = "$(TEST_HOST)";
				CODE_SIGN_STYLE = Automatic;
				INFOPLIST_FILE = piCheckerTests/Info.plist;
				LD_RUNPATH_SEARCH_PATHS = "$(inherited) @executable_path/Frameworks @loader_path/Frameworks";
				PRODUCT_BUNDLE_IDENTIFIER = c4c.piCheckerTests;
				PRODUCT_NAME = "$(TARGET_NAME)";
				SWIFT_VERSION = 4.0;
				TARGETED_DEVICE_FAMILY = "1,2";
				TEST_HOST = "$(BUILT_PRODUCTS_DIR)/piChecker.app/piChecker";
			};
			name = Debug;
		};
		A9BA4A471FC31699005F4621 /* Release */ = {
			isa = XCBuildConfiguration;
			buildSettings = {
				ALWAYS_EMBED_SWIFT_STANDARD_LIBRARIES = YES;
				BUNDLE_LOADER = "$(TEST_HOST)";
				CODE_SIGN_STYLE = Automatic;
				INFOPLIST_FILE = piCheckerTests/Info.plist;
				LD_RUNPATH_SEARCH_PATHS = "$(inherited) @executable_path/Frameworks @loader_path/Frameworks";
				PRODUCT_BUNDLE_IDENTIFIER = c4c.piCheckerTests;
				PRODUCT_NAME = "$(TARGET_NAME)";
				SWIFT_VERSION = 4.0;
				TARGETED_DEVICE_FAMILY = "1,2";
				TEST_HOST = "$(BUILT_PRODUCTS_DIR)/piChecker.app/piChecker";
			};
			name = Release;
		};
		A9BA4A491FC31699005F4621 /* Debug */ = {
			isa = XCBuildConfiguration;
			buildSettings = {
				ALWAYS_EMBED_SWIFT_STANDARD_LIBRARIES = YES;
				CODE_SIGN_STYLE = Automatic;
				INFOPLIST_FILE = piCheckerUITests/Info.plist;
				LD_RUNPATH_SEARCH_PATHS = "$(inherited) @executable_path/Frameworks @loader_path/Frameworks";
				PRODUCT_BUNDLE_IDENTIFIER = c4c.piCheckerUITests;
				PRODUCT_NAME = "$(TARGET_NAME)";
				SWIFT_VERSION = 4.0;
				TARGETED_DEVICE_FAMILY = "1,2";
				TEST_TARGET_NAME = piChecker;
			};
			name = Debug;
		};
		A9BA4A4A1FC31699005F4621 /* Release */ = {
			isa = XCBuildConfiguration;
			buildSettings = {
				ALWAYS_EMBED_SWIFT_STANDARD_LIBRARIES = YES;
				CODE_SIGN_STYLE = Automatic;
				INFOPLIST_FILE = piCheckerUITests/Info.plist;
				LD_RUNPATH_SEARCH_PATHS = "$(inherited) @executable_path/Frameworks @loader_path/Frameworks";
				PRODUCT_BUNDLE_IDENTIFIER = c4c.piCheckerUITests;
				PRODUCT_NAME = "$(TARGET_NAME)";
				SWIFT_VERSION = 4.0;
				TARGETED_DEVICE_FAMILY = "1,2";
				TEST_TARGET_NAME = piChecker;
			};
			name = Release;
		};
/* End XCBuildConfiguration section */

/* Begin XCConfigurationList section */
		A9BA4A151FC31698005F4621 /* Build configuration list for PBXProject "piChecker" */ = {
			isa = XCConfigurationList;
			buildConfigurations = (
				A9BA4A401FC31699005F4621 /* Debug */,
				A9BA4A411FC31699005F4621 /* Release */,
			);
			defaultConfigurationIsVisible = 0;
			defaultConfigurationName = Release;
		};
		A9BA4A421FC31699005F4621 /* Build configuration list for PBXNativeTarget "piChecker" */ = {
			isa = XCConfigurationList;
			buildConfigurations = (
				A9BA4A431FC31699005F4621 /* Debug */,
				A9BA4A441FC31699005F4621 /* Release */,
			);
			defaultConfigurationIsVisible = 0;
			defaultConfigurationName = Release;
		};
		A9BA4A451FC31699005F4621 /* Build configuration list for PBXNativeTarget "piCheckerTests" */ = {
			isa = XCConfigurationList;
			buildConfigurations = (
				A9BA4A461FC31699005F4621 /* Debug */,
				A9BA4A471FC31699005F4621 /* Release */,
			);
			defaultConfigurationIsVisible = 0;
			defaultConfigurationName = Release;
		};
		A9BA4A481FC31699005F4621 /* Build configuration list for PBXNativeTarget "piCheckerUITests" */ = {
			isa = XCConfigurationList;
			buildConfigurations = (
				A9BA4A491FC31699005F4621 /* Debug */,
				A9BA4A4A1FC31699005F4621 /* Release */,
			);
			defaultConfigurationIsVisible = 0;
			defaultConfigurationName = Release;
		};
/* End XCConfigurationList section */
	};
	rootObject = A9BA4A121FC31698005F4621 /* Project object */;
}
